{
  "name": "js_tutorial",
  "lockfileVersion": 2,
  "requires": true,
  "packages": {
    "": {
      "dependencies": {
        "arthur_dercq_palindrome": "^0.1.0"
      }
    },
    "node_modules/arthur_dercq_palindrome": {
      "version": "0.1.0",
      "resolved": "https://registry.npmjs.org/arthur_dercq_palindrome/-/arthur_dercq_palindrome-0.1.0.tgz",
      "integrity": "sha512-ZPgT5MCev0Gf0xsQXbofc21HBlJbyuC4+BYh4rfUulob7zWX/lu9PZiFVJmpa38uq0LLXfaXJQWD9IhRkeBDgA=="
    }
  },
  "dependencies": {
    "arthur_dercq_palindrome": {
      "version": "0.1.0",
      "resolved": "https://registry.npmjs.org/arthur_dercq_palindrome/-/arthur_dercq_palindrome-0.1.0.tgz",
      "integrity": "sha512-ZPgT5MCev0Gf0xsQXbofc21HBlJbyuC4+BYh4rfUulob7zWX/lu9PZiFVJmpa38uq0LLXfaXJQWD9IhRkeBDgA=="
    }
  }
}
